// !$*UTF8*$!
{
	archiveVersion = 1;
	classes = {
	};
	objectVersion = 77;
	objects = {

/* Begin PBXBuildFile section */
		557F0B6D2CBADCC800884A59 /* SwiftMistralCoreML in Frameworks */ = {isa = PBXBuildFile; productRef = 557F0B6C2CBADCC800884A59 /* SwiftMistralCoreML */; };
/* End PBXBuildFile section */

/* Begin PBXContainerItemProxy section */
		557F0B4D2CBADC7B00884A59 /* PBXContainerItemProxy */ = {
			isa = PBXContainerItemProxy;
			containerPortal = 557F0B332CBADC7900884A59 /* Project object */;
			proxyType = 1;
			remoteGlobalIDString = 557F0B3A2CBADC7900884A59;
			remoteInfo = "SwiftMistralCoreML-DemoApp";
		};
		557F0B572CBADC7B00884A59 /* PBXContainerItemProxy */ = {
			isa = PBXContainerItemProxy;
			containerPortal = 557F0B332CBADC7900884A59 /* Project object */;
			proxyType = 1;
			remoteGlobalIDString = 557F0B3A2CBADC7900884A59;
			remoteInfo = "SwiftMistralCoreML-DemoApp";
		};
/* End PBXContainerItemProxy section */

/* Begin PBXFileReference section */
		557F0B3B2CBADC7900884A59 /* SwiftMistralCoreML-DemoApp.app */ = {isa = PBXFileReference; explicitFileType = wrapper.application; includeInIndex = 0; path = "SwiftMistralCoreML-DemoApp.app"; sourceTree = BUILT_PRODUCTS_DIR; };
		557F0B4C2CBADC7B00884A59 /* SwiftMistralCoreML-DemoAppTests.xctest */ = {isa = PBXFileReference; explicitFileType = wrapper.cfbundle; includeInIndex = 0; path = "SwiftMistralCoreML-DemoAppTests.xctest"; sourceTree = BUILT_PRODUCTS_DIR; };
		557F0B562CBADC7B00884A59 /* SwiftMistralCoreML-DemoAppUITests.xctest */ = {isa = PBXFileReference; explicitFileType = wrapper.cfbundle; includeInIndex = 0; path = "SwiftMistralCoreML-DemoAppUITests.xctest"; sourceTree = BUILT_PRODUCTS_DIR; };
/* End PBXFileReference section */

/* Begin PBXFileSystemSynchronizedRootGroup section */
		557F0B3D2CBADC7900884A59 /* SwiftMistralCoreML-DemoApp */ = {
			isa = PBXFileSystemSynchronizedRootGroup;
			path = "SwiftMistralCoreML-DemoApp";
			sourceTree = "<group>";
		};
		557F0B4F2CBADC7B00884A59 /* SwiftMistralCoreML-DemoAppTests */ = {
			isa = PBXFileSystemSynchronizedRootGroup;
			path = "SwiftMistralCoreML-DemoAppTests";
			sourceTree = "<group>";
		};
		557F0B592CBADC7B00884A59 /* SwiftMistralCoreML-DemoAppUITests */ = {
			isa = PBXFileSystemSynchronizedRootGroup;
			path = "SwiftMistralCoreML-DemoAppUITests";
			sourceTree = "<group>";
		};
/* End PBXFileSystemSynchronizedRootGroup section */

/* Begin PBXFrameworksBuildPhase section */
		557F0B382CBADC7900884A59 /* Frameworks */ = {
			isa = PBXFrameworksBuildPhase;
			buildActionMask = 2147483647;
			files = (
				557F0B6D2CBADCC800884A59 /* SwiftMistralCoreML in Frameworks */,
			);
			runOnlyForDeploymentPostprocessing = 0;
		};
		557F0B492CBADC7B00884A59 /* Frameworks */ = {
			isa = PBXFrameworksBuildPhase;
			buildActionMask = 2147483647;
			files = (
			);
			runOnlyForDeploymentPostprocessing = 0;
		};
		557F0B532CBADC7B00884A59 /* Frameworks */ = {
			isa = PBXFrameworksBuildPhase;
			buildActionMask = 2147483647;
			files = (
			);
			runOnlyForDeploymentPostprocessing = 0;
		};
/* End PBXFrameworksBuildPhase section */

/* Begin PBXGroup section */
		557F0B322CBADC7900884A59 = {
			isa = PBXGroup;
			children = (
				557F0B3D2CBADC7900884A59 /* SwiftMistralCoreML-DemoApp */,
				557F0B4F2CBADC7B00884A59 /* SwiftMistralCoreML-DemoAppTests */,
				557F0B592CBADC7B00884A59 /* SwiftMistralCoreML-DemoAppUITests */,
				557F0B3C2CBADC7900884A59 /* Products */,
			);
			sourceTree = "<group>";
		};
		557F0B3C2CBADC7900884A59 /* Products */ = {
			isa = PBXGroup;
			children = (
				557F0B3B2CBADC7900884A59 /* SwiftMistralCoreML-DemoApp.app */,
				557F0B4C2CBADC7B00884A59 /* SwiftMistralCoreML-DemoAppTests.xctest */,
				557F0B562CBADC7B00884A59 /* SwiftMistralCoreML-DemoAppUITests.xctest */,
			);
			name = Products;
			sourceTree = "<group>";
		};
/* End PBXGroup section */

/* Begin PBXNativeTarget section */
		557F0B3A2CBADC7900884A59 /* SwiftMistralCoreML-DemoApp */ = {
			isa = PBXNativeTarget;
			buildConfigurationList = 557F0B602CBADC7B00884A59 /* Build configuration list for PBXNativeTarget "SwiftMistralCoreML-DemoApp" */;
			buildPhases = (
				557F0B372CBADC7900884A59 /* Sources */,
				557F0B382CBADC7900884A59 /* Frameworks */,
				557F0B392CBADC7900884A59 /* Resources */,
			);
			buildRules = (
			);
			dependencies = (
			);
			fileSystemSynchronizedGroups = (
				557F0B3D2CBADC7900884A59 /* SwiftMistralCoreML-DemoApp */,
			);
			name = "SwiftMistralCoreML-DemoApp";
			packageProductDependencies = (
				557F0B6C2CBADCC800884A59 /* SwiftMistralCoreML */,
			);
			productName = "SwiftMistralCoreML-DemoApp";
			productReference = 557F0B3B2CBADC7900884A59 /* SwiftMistralCoreML-DemoApp.app */;
			productType = "com.apple.product-type.application";
		};
		557F0B4B2CBADC7B00884A59 /* SwiftMistralCoreML-DemoAppTests */ = {
			isa = PBXNativeTarget;
			buildConfigurationList = 557F0B632CBADC7B00884A59 /* Build configuration list for PBXNativeTarget "SwiftMistralCoreML-DemoAppTests" */;
			buildPhases = (
				557F0B482CBADC7B00884A59 /* Sources */,
				557F0B492CBADC7B00884A59 /* Frameworks */,
				557F0B4A2CBADC7B00884A59 /* Resources */,
			);
			buildRules = (
			);
			dependencies = (
				557F0B4E2CBADC7B00884A59 /* PBXTargetDependency */,
			);
			fileSystemSynchronizedGroups = (
				557F0B4F2CBADC7B00884A59 /* SwiftMistralCoreML-DemoAppTests */,
			);
			name = "SwiftMistralCoreML-DemoAppTests";
			packageProductDependencies = (
			);
			productName = "SwiftMistralCoreML-DemoAppTests";
			productReference = 557F0B4C2CBADC7B00884A59 /* SwiftMistralCoreML-DemoAppTests.xctest */;
			productType = "com.apple.product-type.bundle.unit-test";
		};
		557F0B552CBADC7B00884A59 /* SwiftMistralCoreML-DemoAppUITests */ = {
			isa = PBXNativeTarget;
			buildConfigurationList = 557F0B662CBADC7B00884A59 /* Build configuration list for PBXNativeTarget "SwiftMistralCoreML-DemoAppUITests" */;
			buildPhases = (
				557F0B522CBADC7B00884A59 /* Sources */,
				557F0B532CBADC7B00884A59 /* Frameworks */,
				557F0B542CBADC7B00884A59 /* Resources */,
			);
			buildRules = (
			);
			dependencies = (
				557F0B582CBADC7B00884A59 /* PBXTargetDependency */,
			);
			fileSystemSynchronizedGroups = (
				557F0B592CBADC7B00884A59 /* SwiftMistralCoreML-DemoAppUITests */,
			);
			name = "SwiftMistralCoreML-DemoAppUITests";
			packageProductDependencies = (
			);
			productName = "SwiftMistralCoreML-DemoAppUITests";
			productReference = 557F0B562CBADC7B00884A59 /* SwiftMistralCoreML-DemoAppUITests.xctest */;
			productType = "com.apple.product-type.bundle.ui-testing";
		};
/* End PBXNativeTarget section */

/* Begin PBXProject section */
		557F0B332CBADC7900884A59 /* Project object */ = {
			isa = PBXProject;
			attributes = {
				BuildIndependentTargetsInParallel = 1;
				LastSwiftUpdateCheck = 1600;
				LastUpgradeCheck = 1600;
				TargetAttributes = {
					557F0B3A2CBADC7900884A59 = {
						CreatedOnToolsVersion = 16.0;
					};
					557F0B4B2CBADC7B00884A59 = {
						CreatedOnToolsVersion = 16.0;
						TestTargetID = 557F0B3A2CBADC7900884A59;
					};
					557F0B552CBADC7B00884A59 = {
						CreatedOnToolsVersion = 16.0;
						TestTargetID = 557F0B3A2CBADC7900884A59;
					};
				};
			};
			buildConfigurationList = 557F0B362CBADC7900884A59 /* Build configuration list for PBXProject "SwiftMistralCoreML-DemoApp" */;
			developmentRegion = en;
			hasScannedForEncodings = 0;
			knownRegions = (
				en,
				Base,
			);
			mainGroup = 557F0B322CBADC7900884A59;
			minimizedProjectReferenceProxies = 1;
			packageReferences = (
				557F0B6B2CBADCC800884A59 /* XCRemoteSwiftPackageReference "SwiftMistralCoreML" */,
			);
			preferredProjectObjectVersion = 77;
			productRefGroup = 557F0B3C2CBADC7900884A59 /* Products */;
			projectDirPath = "";
			projectRoot = "";
			targets = (
				557F0B3A2CBADC7900884A59 /* SwiftMistralCoreML-DemoApp */,
				557F0B4B2CBADC7B00884A59 /* SwiftMistralCoreML-DemoAppTests */,
				557F0B552CBADC7B00884A59 /* SwiftMistralCoreML-DemoAppUITests */,
			);
		};
/* End PBXProject section */

/* Begin PBXResourcesBuildPhase section */
		557F0B392CBADC7900884A59 /* Resources */ = {
			isa = PBXResourcesBuildPhase;
			buildActionMask = 2147483647;
			files = (
			);
			runOnlyForDeploymentPostprocessing = 0;
		};
		557F0B4A2CBADC7B00884A59 /* Resources */ = {
			isa = PBXResourcesBuildPhase;
			buildActionMask = 2147483647;
			files = (
			);
			runOnlyForDeploymentPostprocessing = 0;
		};
		557F0B542CBADC7B00884A59 /* Resources */ = {
			isa = PBXResourcesBuildPhase;
			buildActionMask = 2147483647;
			files = (
			);
			runOnlyForDeploymentPostprocessing = 0;
		};
/* End PBXResourcesBuildPhase section */

/* Begin PBXSourcesBuildPhase section */
		557F0B372CBADC7900884A59 /* Sources */ = {
			isa = PBXSourcesBuildPhase;
			buildActionMask = 2147483647;
			files = (
			);
			runOnlyForDeploymentPostprocessing = 0;
		};
		557F0B482CBADC7B00884A59 /* Sources */ = {
			isa = PBXSourcesBuildPhase;
			buildActionMask = 2147483647;
			files = (
			);
			runOnlyForDeploymentPostprocessing = 0;
		};
		557F0B522CBADC7B00884A59 /* Sources */ = {
			isa = PBXSourcesBuildPhase;
			buildActionMask = 2147483647;
			files = (
			);
			runOnlyForDeploymentPostprocessing = 0;
		};
/* End PBXSourcesBuildPhase section */

/* Begin PBXTargetDependency section */
		557F0B4E2CBADC7B00884A59 /* PBXTargetDependency */ = {
			isa = PBXTargetDependency;
			target = 557F0B3A2CBADC7900884A59 /* SwiftMistralCoreML-DemoApp */;
			targetProxy = 557F0B4D2CBADC7B00884A59 /* PBXContainerItemProxy */;
		};
		557F0B582CBADC7B00884A59 /* PBXTargetDependency */ = {
			isa = PBXTargetDependency;
			target = 557F0B3A2CBADC7900884A59 /* SwiftMistralCoreML-DemoApp */;
			targetProxy = 557F0B572CBADC7B00884A59 /* PBXContainerItemProxy */;
		};
/* End PBXTargetDependency section */

/* Begin XCBuildConfiguration section */
		557F0B5E2CBADC7B00884A59 /* Debug */ = {
			isa = XCBuildConfiguration;
			buildSettings = {
				ALWAYS_SEARCH_USER_PATHS = NO;
				ASSETCATALOG_COMPILER_GENERATE_SWIFT_ASSET_SYMBOL_EXTENSIONS = YES;
				CLANG_ANALYZER_NONNULL = YES;
				CLANG_ANALYZER_NUMBER_OBJECT_CONVERSION = YES_AGGRESSIVE;
				CLANG_CXX_LANGUAGE_STANDARD = "gnu++20";
				CLANG_ENABLE_MODULES = YES;
				CLANG_ENABLE_OBJC_ARC = YES;
				CLANG_ENABLE_OBJC_WEAK = YES;
				CLANG_WARN_BLOCK_CAPTURE_AUTORELEASING = YES;
				CLANG_WARN_BOOL_CONVERSION = YES;
				CLANG_WARN_COMMA = YES;
				CLANG_WARN_CONSTANT_CONVERSION = YES;
				CLANG_WARN_DEPRECATED_OBJC_IMPLEMENTATIONS = YES;
				CLANG_WARN_DIRECT_OBJC_ISA_USAGE = YES_ERROR;
				CLANG_WARN_DOCUMENTATION_COMMENTS = YES;
				CLANG_WARN_EMPTY_BODY = YES;
				CLANG_WARN_ENUM_CONVERSION = YES;
				CLANG_WARN_INFINITE_RECURSION = YES;
				CLANG_WARN_INT_CONVERSION = YES;
				CLANG_WARN_NON_LITERAL_NULL_CONVERSION = YES;
				CLANG_WARN_OBJC_IMPLICIT_RETAIN_SELF = YES;
				CLANG_WARN_OBJC_LITERAL_CONVERSION = YES;
				CLANG_WARN_OBJC_ROOT_CLASS = YES_ERROR;
				CLANG_WARN_QUOTED_INCLUDE_IN_FRAMEWORK_HEADER = YES;
				CLANG_WARN_RANGE_LOOP_ANALYSIS = YES;
				CLANG_WARN_STRICT_PROTOTYPES = YES;
				CLANG_WARN_SUSPICIOUS_MOVE = YES;
				CLANG_WARN_UNGUARDED_AVAILABILITY = YES_AGGRESSIVE;
				CLANG_WARN_UNREACHABLE_CODE = YES;
				CLANG_WARN__DUPLICATE_METHOD_MATCH = YES;
				COPY_PHASE_STRIP = NO;
				DEBUG_INFORMATION_FORMAT = dwarf;
				ENABLE_STRICT_OBJC_MSGSEND = YES;
				ENABLE_TESTABILITY = YES;
				ENABLE_USER_SCRIPT_SANDBOXING = YES;
				GCC_C_LANGUAGE_STANDARD = gnu17;
				GCC_DYNAMIC_NO_PIC = NO;
				GCC_NO_COMMON_BLOCKS = YES;
				GCC_OPTIMIZATION_LEVEL = 0;
				GCC_PREPROCESSOR_DEFINITIONS = (
					"DEBUG=1",
					"$(inherited)",
				);
				GCC_WARN_64_TO_32_BIT_CONVERSION = YES;
				GCC_WARN_ABOUT_RETURN_TYPE = YES_ERROR;
				GCC_WARN_UNDECLARED_SELECTOR = YES;
				GCC_WARN_UNINITIALIZED_AUTOS = YES_AGGRESSIVE;
				GCC_WARN_UNUSED_FUNCTION = YES;
				GCC_WARN_UNUSED_VARIABLE = YES;
				LOCALIZATION_PREFERS_STRING_CATALOGS = YES;
				MACOSX_DEPLOYMENT_TARGET = 15.0;
				MTL_ENABLE_DEBUG_INFO = INCLUDE_SOURCE;
				MTL_FAST_MATH = YES;
				ONLY_ACTIVE_ARCH = YES;
				SDKROOT = macosx;
				SWIFT_ACTIVE_COMPILATION_CONDITIONS = "DEBUG $(inherited)";
				SWIFT_OPTIMIZATION_LEVEL = "-Onone";
			};
			name = Debug;
		};
		557F0B5F2CBADC7B00884A59 /* Release */ = {
			isa = XCBuildConfiguration;
			buildSettings = {
				ALWAYS_SEARCH_USER_PATHS = NO;
				ASSETCATALOG_COMPILER_GENERATE_SWIFT_ASSET_SYMBOL_EXTENSIONS = YES;
				CLANG_ANALYZER_NONNULL = YES;
				CLANG_ANALYZER_NUMBER_OBJECT_CONVERSION = YES_AGGRESSIVE;
				CLANG_CXX_LANGUAGE_STANDARD = "gnu++20";
				CLANG_ENABLE_MODULES = YES;
				CLANG_ENABLE_OBJC_ARC = YES;
				CLANG_ENABLE_OBJC_WEAK = YES;
				CLANG_WARN_BLOCK_CAPTURE_AUTORELEASING = YES;
				CLANG_WARN_BOOL_CONVERSION = YES;
				CLANG_WARN_COMMA = YES;
				CLANG_WARN_CONSTANT_CONVERSION = YES;
				CLANG_WARN_DEPRECATED_OBJC_IMPLEMENTATIONS = YES;
				CLANG_WARN_DIRECT_OBJC_ISA_USAGE = YES_ERROR;
				CLANG_WARN_DOCUMENTATION_COMMENTS = YES;
				CLANG_WARN_EMPTY_BODY = YES;
				CLANG_WARN_ENUM_CONVERSION = YES;
				CLANG_WARN_INFINITE_RECURSION = YES;
				CLANG_WARN_INT_CONVERSION = YES;
				CLANG_WARN_NON_LITERAL_NULL_CONVERSION = YES;
				CLANG_WARN_OBJC_IMPLICIT_RETAIN_SELF = YES;
				CLANG_WARN_OBJC_LITERAL_CONVERSION = YES;
				CLANG_WARN_OBJC_ROOT_CLASS = YES_ERROR;
				CLANG_WARN_QUOTED_INCLUDE_IN_FRAMEWORK_HEADER = YES;
				CLANG_WARN_RANGE_LOOP_ANALYSIS = YES;
				CLANG_WARN_STRICT_PROTOTYPES = YES;
				CLANG_WARN_SUSPICIOUS_MOVE = YES;
				CLANG_WARN_UNGUARDED_AVAILABILITY = YES_AGGRESSIVE;
				CLANG_WARN_UNREACHABLE_CODE = YES;
				CLANG_WARN__DUPLICATE_METHOD_MATCH = YES;
				COPY_PHASE_STRIP = NO;
				DEBUG_INFORMATION_FORMAT = "dwarf-with-dsym";
				ENABLE_NS_ASSERTIONS = NO;
				ENABLE_STRICT_OBJC_MSGSEND = YES;
				ENABLE_USER_SCRIPT_SANDBOXING = YES;
				GCC_C_LANGUAGE_STANDARD = gnu17;
				GCC_NO_COMMON_BLOCKS = YES;
				GCC_WARN_64_TO_32_BIT_CONVERSION = YES;
				GCC_WARN_ABOUT_RETURN_TYPE = YES_ERROR;
				GCC_WARN_UNDECLARED_SELECTOR = YES;
				GCC_WARN_UNINITIALIZED_AUTOS = YES_AGGRESSIVE;
				GCC_WARN_UNUSED_FUNCTION = YES;
				GCC_WARN_UNUSED_VARIABLE = YES;
				LOCALIZATION_PREFERS_STRING_CATALOGS = YES;
				MACOSX_DEPLOYMENT_TARGET = 15.0;
				MTL_ENABLE_DEBUG_INFO = NO;
				MTL_FAST_MATH = YES;
				SDKROOT = macosx;
				SWIFT_COMPILATION_MODE = wholemodule;
			};
			name = Release;
		};
		557F0B612CBADC7B00884A59 /* Debug */ = {
			isa = XCBuildConfiguration;
			buildSettings = {
				ASSETCATALOG_COMPILER_APPICON_NAME = AppIcon;
				ASSETCATALOG_COMPILER_GLOBAL_ACCENT_COLOR_NAME = AccentColor;
				CODE_SIGN_ENTITLEMENTS = "SwiftMistralCoreML-DemoApp/SwiftMistralCoreML_DemoApp.entitlements";
				CODE_SIGN_STYLE = Automatic;
				COMBINE_HIDPI_IMAGES = YES;
				CURRENT_PROJECT_VERSION = 1;
				DEVELOPMENT_ASSET_PATHS = "\"SwiftMistralCoreML-DemoApp/Preview Content\"";
				DEVELOPMENT_TEAM = "";
				ENABLE_HARDENED_RUNTIME = YES;
				ENABLE_PREVIEWS = YES;
				GENERATE_INFOPLIST_FILE = YES;
				INFOPLIST_KEY_NSHumanReadableCopyright = "";
				LD_RUNPATH_SEARCH_PATHS = (
					"$(inherited)",
					"@executable_path/../Frameworks",
				);
				MARKETING_VERSION = 1.0;
				PRODUCT_BUNDLE_IDENTIFIER = "tv.cardona.SwiftMistralCoreML-DemoApp";
				PRODUCT_NAME = "$(TARGET_NAME)";
				SWIFT_EMIT_LOC_STRINGS = YES;
				SWIFT_VERSION = 5.0;
			};
			name = Debug;
		};
		557F0B622CBADC7B00884A59 /* Release */ = {
			isa = XCBuildConfiguration;
			buildSettings = {
				ASSETCATALOG_COMPILER_APPICON_NAME = AppIcon;
				ASSETCATALOG_COMPILER_GLOBAL_ACCENT_COLOR_NAME = AccentColor;
				CODE_SIGN_ENTITLEMENTS = "SwiftMistralCoreML-DemoApp/SwiftMistralCoreML_DemoApp.entitlements";
				CODE_SIGN_STYLE = Automatic;
				COMBINE_HIDPI_IMAGES = YES;
				CURRENT_PROJECT_VERSION = 1;
				DEVELOPMENT_ASSET_PATHS = "\"SwiftMistralCoreML-DemoApp/Preview Content\"";
				DEVELOPMENT_TEAM = "";
				ENABLE_HARDENED_RUNTIME = YES;
				ENABLE_PREVIEWS = YES;
				GENERATE_INFOPLIST_FILE = YES;
				INFOPLIST_KEY_NSHumanReadableCopyright = "";
				LD_RUNPATH_SEARCH_PATHS = (
					"$(inherited)",
					"@executable_path/../Frameworks",
				);
				MARKETING_VERSION = 1.0;
				PRODUCT_BUNDLE_IDENTIFIER = "tv.cardona.SwiftMistralCoreML-DemoApp";
				PRODUCT_NAME = "$(TARGET_NAME)";
				SWIFT_EMIT_LOC_STRINGS = YES;
				SWIFT_VERSION = 5.0;
			};
			name = Release;
		};
		557F0B642CBADC7B00884A59 /* Debug */ = {
			isa = XCBuildConfiguration;
			buildSettings = {
				BUNDLE_LOADER = "$(TEST_HOST)";
				CODE_SIGN_STYLE = Automatic;
				CURRENT_PROJECT_VERSION = 1;
				DEVELOPMENT_TEAM = "";
				GENERATE_INFOPLIST_FILE = YES;
				MACOSX_DEPLOYMENT_TARGET = 15.0;
				MARKETING_VERSION = 1.0;
				PRODUCT_BUNDLE_IDENTIFIER = "tv.cardona.SwiftMistralCoreML-DemoAppTests";
				PRODUCT_NAME = "$(TARGET_NAME)";
				SWIFT_EMIT_LOC_STRINGS = NO;
				SWIFT_VERSION = 5.0;
				TEST_HOST = "$(BUILT_PRODUCTS_DIR)/SwiftMistralCoreML-DemoApp.app/$(BUNDLE_EXECUTABLE_FOLDER_PATH)/SwiftMistralCoreML-DemoApp";
			};
			name = Debug;
		};
		557F0B652CBADC7B00884A59 /* Release */ = {
			isa = XCBuildConfiguration;
			buildSettings = {
				BUNDLE_LOADER = "$(TEST_HOST)";
				CODE_SIGN_STYLE = Automatic;
				CURRENT_PROJECT_VERSION = 1;
				DEVELOPMENT_TEAM = "";
				GENERATE_INFOPLIST_FILE = YES;
				MACOSX_DEPLOYMENT_TARGET = 15.0;
				MARKETING_VERSION = 1.0;
				PRODUCT_BUNDLE_IDENTIFIER = "tv.cardona.SwiftMistralCoreML-DemoAppTests";
				PRODUCT_NAME = "$(TARGET_NAME)";
				SWIFT_EMIT_LOC_STRINGS = NO;
				SWIFT_VERSION = 5.0;
				TEST_HOST = "$(BUILT_PRODUCTS_DIR)/SwiftMistralCoreML-DemoApp.app/$(BUNDLE_EXECUTABLE_FOLDER_PATH)/SwiftMistralCoreML-DemoApp";
			};
			name = Release;
		};
		557F0B672CBADC7B00884A59 /* Debug */ = {
			isa = XCBuildConfiguration;
			buildSettings = {
				CODE_SIGN_STYLE = Automatic;
				CURRENT_PROJECT_VERSION = 1;
				DEVELOPMENT_TEAM = "";
				GENERATE_INFOPLIST_FILE = YES;
				MARKETING_VERSION = 1.0;
				PRODUCT_BUNDLE_IDENTIFIER = "tv.cardona.SwiftMistralCoreML-DemoAppUITests";
				PRODUCT_NAME = "$(TARGET_NAME)";
				SWIFT_EMIT_LOC_STRINGS = NO;
				SWIFT_VERSION = 5.0;
				TEST_TARGET_NAME = "SwiftMistralCoreML-DemoApp";
			};
			name = Debug;
		};
		557F0B682CBADC7B00884A59 /* Release */ = {
			isa = XCBuildConfiguration;
			buildSettings = {
				CODE_SIGN_STYLE = Automatic;
				CURRENT_PROJECT_VERSION = 1;
				DEVELOPMENT_TEAM = "";
				GENERATE_INFOPLIST_FILE = YES;
				MARKETING_VERSION = 1.0;
				PRODUCT_BUNDLE_IDENTIFIER = "tv.cardona.SwiftMistralCoreML-DemoAppUITests";
				PRODUCT_NAME = "$(TARGET_NAME)";
				SWIFT_EMIT_LOC_STRINGS = NO;
				SWIFT_VERSION = 5.0;
				TEST_TARGET_NAME = "SwiftMistralCoreML-DemoApp";
			};
			name = Release;
		};
/* End XCBuildConfiguration section */

/* Begin XCConfigurationList section */
		557F0B362CBADC7900884A59 /* Build configuration list for PBXProject "SwiftMistralCoreML-DemoApp" */ = {
			isa = XCConfigurationList;
			buildConfigurations = (
				557F0B5E2CBADC7B00884A59 /* Debug */,
				557F0B5F2CBADC7B00884A59 /* Release */,
			);
			defaultConfigurationIsVisible = 0;
			defaultConfigurationName = Release;
		};
		557F0B602CBADC7B00884A59 /* Build configuration list for PBXNativeTarget "SwiftMistralCoreML-DemoApp" */ = {
			isa = XCConfigurationList;
			buildConfigurations = (
				557F0B612CBADC7B00884A59 /* Debug */,
				557F0B622CBADC7B00884A59 /* Release */,
			);
			defaultConfigurationIsVisible = 0;
			defaultConfigurationName = Release;
		};
		557F0B632CBADC7B00884A59 /* Build configuration list for PBXNativeTarget "SwiftMistralCoreML-DemoAppTests" */ = {
			isa = XCConfigurationList;
			buildConfigurations = (
				557F0B642CBADC7B00884A59 /* Debug */,
				557F0B652CBADC7B00884A59 /* Release */,
			);
			defaultConfigurationIsVisible = 0;
			defaultConfigurationName = Release;
		};
		557F0B662CBADC7B00884A59 /* Build configuration list for PBXNativeTarget "SwiftMistralCoreML-DemoAppUITests" */ = {
			isa = XCConfigurationList;
			buildConfigurations = (
				557F0B672CBADC7B00884A59 /* Debug */,
				557F0B682CBADC7B00884A59 /* Release */,
			);
			defaultConfigurationIsVisible = 0;
			defaultConfigurationName = Release;
		};
/* End XCConfigurationList section */

/* Begin XCRemoteSwiftPackageReference section */
		557F0B6B2CBADCC800884A59 /* XCRemoteSwiftPackageReference "SwiftMistralCoreML" */ = {
			isa = XCRemoteSwiftPackageReference;
			repositoryURL = "https://github.com/cardona/SwiftMistralCoreML";
			requirement = {
				kind = upToNextMajorVersion;
				minimumVersion = 1.0.0;
			};
		};
/* End XCRemoteSwiftPackageReference section */

/* Begin XCSwiftPackageProductDependency section */
		557F0B6C2CBADCC800884A59 /* SwiftMistralCoreML */ = {
			isa = XCSwiftPackageProductDependency;
			package = 557F0B6B2CBADCC800884A59 /* XCRemoteSwiftPackageReference "SwiftMistralCoreML" */;
			productName = SwiftMistralCoreML;
		};
/* End XCSwiftPackageProductDependency section */
	};
	rootObject = 557F0B332CBADC7900884A59 /* Project object */;
}
