{
  "originHash" : "90d00952ae74f4918c27e0f10c0d94533b3808f334b13c01ecdfdb2b26b3da36",
  "pins" : [
    {
      "identity" : "swiftmistralcoreml",
      "kind" : "remoteSourceControl",
      "location" : "https://github.com/cardona/SwiftMistralCoreML",
      "state" : {
        "revision" : "3fded3155c99cdce5e639c6cf03a09a681b81dc9",
        "version" : "1.2.0"
      }
    }
  ],
  "version" : 3
}
